
Microsoft Visual Studio Solution File, Format Version 12.00
# Visual Studio Version 17
VisualStudioVersion = 17.13.35931.197 d17.13
MinimumVisualStudioVersion = 10.0.40219.1
Project("{FAE04EC0-301F-11D3-BF4B-00C04F79EFBC}") = "CustomerService", "CustomerService\CustomerService.csproj", "{C332CAE1-1FC6-4EAF-8E3D-E9C95B37D74E}"
EndProject
Project("{FAE04EC0-301F-11D3-BF4B-00C04F79EFBC}") = "ProductService", "ProductService\ProductService.csproj", "{75DE8DA4-58FF-45D5-B09F-274264B87BE6}"
EndProject
Project("{FAE04EC0-301F-11D3-BF4B-00C04F79EFBC}") = "OcelotGateway", "OcelotGateway\OcelotGateway.csproj", "{6036A117-E83A-436D-B804-91F60DBD8969}"
EndProject
Project("{2150E333-8FDC-42A3-9474-1A3956D46DE8}") = "Readme", "Readme", "{8EC462FD-D22E-90A8-E5CE-7E832BA40C5D}"
	ProjectSection(SolutionItems) = preProject
		C:\Users\asus\Downloads\Daigram.jpg = C:\Users\asus\Downloads\Daigram.jpg
		README.txt = README.txt
		..\..\..\AllTheConcepts\TheoryPart\Notes.txt = ..\..\..\AllTheConcepts\TheoryPart\Notes.txt
	EndProjectSection
EndProject
Global
	GlobalSection(SolutionConfigurationPlatforms) = preSolution
		Debug|Any CPU = Debug|Any CPU
		Release|Any CPU = Release|Any CPU
	EndGlobalSection
	GlobalSection(ProjectConfigurationPlatforms) = postSolution
		{C332CAE1-1FC6-4EAF-8E3D-E9C95B37D74E}.Debug|Any CPU.ActiveCfg = Debug|Any CPU
		{C332CAE1-1FC6-4EAF-8E3D-E9C95B37D74E}.Debug|Any CPU.Build.0 = Debug|Any CPU
		{C332CAE1-1FC6-4EAF-8E3D-E9C95B37D74E}.Release|Any CPU.ActiveCfg = Release|Any CPU
		{C332CAE1-1FC6-4EAF-8E3D-E9C95B37D74E}.Release|Any CPU.Build.0 = Release|Any CPU
		{75DE8DA4-58FF-45D5-B09F-274264B87BE6}.Debug|Any CPU.ActiveCfg = Debug|Any CPU
		{75DE8DA4-58FF-45D5-B09F-274264B87BE6}.Debug|Any CPU.Build.0 = Debug|Any CPU
		{75DE8DA4-58FF-45D5-B09F-274264B87BE6}.Release|Any CPU.ActiveCfg = Release|Any CPU
		{75DE8DA4-58FF-45D5-B09F-274264B87BE6}.Release|Any CPU.Build.0 = Release|Any CPU
		{6036A117-E83A-436D-B804-91F60DBD8969}.Debug|Any CPU.ActiveCfg = Debug|Any CPU
		{6036A117-E83A-436D-B804-91F60DBD8969}.Debug|Any CPU.Build.0 = Debug|Any CPU
		{6036A117-E83A-436D-B804-91F60DBD8969}.Release|Any CPU.ActiveCfg = Release|Any CPU
		{6036A117-E83A-436D-B804-91F60DBD8969}.Release|Any CPU.Build.0 = Release|Any CPU
	EndGlobalSection
	GlobalSection(SolutionProperties) = preSolution
		HideSolutionNode = FALSE
	EndGlobalSection
	GlobalSection(ExtensibilityGlobals) = postSolution
		SolutionGuid = {B349031E-D08F-4D24-B20A-5951AA67B71F}
	EndGlobalSection
EndGlobal
